
Microsoft Visual Studio Solution File, Format Version 12.00
# Visual Studio Version 17
VisualStudioVersion = 17.9.34728.123
MinimumVisualStudioVersion = 10.0.40219.1
Project("{FAE04EC0-301F-11D3-BF4B-00C04F79EFBC}") = "ECommerceStore.Core", "src\ECommerceStore.Core\ECommerceStore.Core.csproj", "{6DF60880-1A6C-4535-B46C-A885F8C2B632}"
EndProject
Project("{FAE04EC0-301F-11D3-BF4B-00C04F79EFBC}") = "ECommerceStore.Infrastructure", "src\ECommerceStore.Infrastructure\ECommerceStore.Infrastructure.csproj", "{56C848BB-BF76-460B-84CF-B156D3BBA097}"
EndProject
Project("{FAE04EC0-301F-11D3-BF4B-00C04F79EFBC}") = "ECommerceStore.Web", "src\ECommerceStore.Web\ECommerceStore.Web.csproj", "{7DFC470D-80DF-4197-B470-DC186F004B4B}"
EndProject
Global
	GlobalSection(SolutionConfigurationPlatforms) = preSolution
		Debug|Any CPU = Debug|Any CPU
		Release|Any CPU = Release|Any CPU
	EndGlobalSection
	GlobalSection(ProjectConfigurationPlatforms) = postSolution
		{6DF60880-1A6C-4535-B46C-A885F8C2B632}.Debug|Any CPU.ActiveCfg = Debug|Any CPU
		{6DF60880-1A6C-4535-B46C-A885F8C2B632}.Debug|Any CPU.Build.0 = Debug|Any CPU
		{6DF60880-1A6C-4535-B46C-A885F8C2B632}.Release|Any CPU.ActiveCfg = Release|Any CPU
		{6DF60880-1A6C-4535-B46C-A885F8C2B632}.Release|Any CPU.Build.0 = Release|Any CPU
		{56C848BB-BF76-460B-84CF-B156D3BBA097}.Debug|Any CPU.ActiveCfg = Debug|Any CPU
		{56C848BB-BF76-460B-84CF-B156D3BBA097}.Debug|Any CPU.Build.0 = Debug|Any CPU
		{56C848BB-BF76-460B-84CF-B156D3BBA097}.Release|Any CPU.ActiveCfg = Release|Any CPU
		{56C848BB-BF76-460B-84CF-B156D3BBA097}.Release|Any CPU.Build.0 = Release|Any CPU
		{7DFC470D-80DF-4197-B470-DC186F004B4B}.Debug|Any CPU.ActiveCfg = Debug|Any CPU
		{7DFC470D-80DF-4197-B470-DC186F004B4B}.Debug|Any CPU.Build.0 = Debug|Any CPU
		{7DFC470D-80DF-4197-B470-DC186F004B4B}.Release|Any CPU.ActiveCfg = Release|Any CPU
		{7DFC470D-80DF-4197-B470-DC186F004B4B}.Release|Any CPU.Build.0 = Release|Any CPU
	EndGlobalSection
	GlobalSection(SolutionProperties) = preSolution
		HideSolutionNode = FALSE
	EndGlobalSection
	GlobalSection(ExtensionSettings) = postSolution
	EndGlobalSection
EndGlobal
